
Microsoft Visual Studio Solution File, Format Version 12.00
# Visual Studio 15
VisualStudioVersion = 15.0.26430.15
MinimumVisualStudioVersion = 10.0.40219.1
Project("{FAE04EC0-301F-11D3-BF4B-00C04F79EFBC}") = "ChatMalta.Repository", "ChatMalta.Repository\ChatMalta.Repository.csproj", "{952CB553-414A-4565-8398-537EF74DEE46}"
EndProject
Project("{FAE04EC0-301F-11D3-BF4B-00C04F79EFBC}") = "ChatMalta.Domain", "ChatMalta.Domain\ChatMalta.Domain.csproj", "{4E4EBEB5-9E4E-48A9-93EE-10D474AB1F4A}"
EndProject
Project("{FAE04EC0-301F-11D3-BF4B-00C04F79EFBC}") = "ChatMalta.Api", "ChatMalta.Api\ChatMalta.Api.csproj", "{2DF48AA6-A6DA-4855-BD51-E94835AF6B6E}"
EndProject
Global
	GlobalSection(SolutionConfigurationPlatforms) = preSolution
		Debug|Any CPU = Debug|Any CPU
		Release|Any CPU = Release|Any CPU
	EndGlobalSection
	GlobalSection(ProjectConfigurationPlatforms) = postSolution
		{952CB553-414A-4565-8398-537EF74DEE46}.Debug|Any CPU.ActiveCfg = Debug|Any CPU
		{952CB553-414A-4565-8398-537EF74DEE46}.Debug|Any CPU.Build.0 = Debug|Any CPU
		{952CB553-414A-4565-8398-537EF74DEE46}.Release|Any CPU.ActiveCfg = Release|Any CPU
		{952CB553-414A-4565-8398-537EF74DEE46}.Release|Any CPU.Build.0 = Release|Any CPU
		{4E4EBEB5-9E4E-48A9-93EE-10D474AB1F4A}.Debug|Any CPU.ActiveCfg = Debug|Any CPU
		{4E4EBEB5-9E4E-48A9-93EE-10D474AB1F4A}.Debug|Any CPU.Build.0 = Debug|Any CPU
		{4E4EBEB5-9E4E-48A9-93EE-10D474AB1F4A}.Release|Any CPU.ActiveCfg = Release|Any CPU
		{4E4EBEB5-9E4E-48A9-93EE-10D474AB1F4A}.Release|Any CPU.Build.0 = Release|Any CPU
		{2DF48AA6-A6DA-4855-BD51-E94835AF6B6E}.Debug|Any CPU.ActiveCfg = Debug|Any CPU
		{2DF48AA6-A6DA-4855-BD51-E94835AF6B6E}.Debug|Any CPU.Build.0 = Debug|Any CPU
		{2DF48AA6-A6DA-4855-BD51-E94835AF6B6E}.Release|Any CPU.ActiveCfg = Release|Any CPU
		{2DF48AA6-A6DA-4855-BD51-E94835AF6B6E}.Release|Any CPU.Build.0 = Release|Any CPU
	EndGlobalSection
	GlobalSection(SolutionProperties) = preSolution
		HideSolutionNode = FALSE
	EndGlobalSection
EndGlobal
